// !$*UTF8*$!
{
	archiveVersion = 1;
	classes = {
	};
	objectVersion = 50;
	objects = {

/* Begin PBXBuildFile section */
		5B51A099246C4E1F00BA526E /* AppDelegate.swift in Sources */ = {isa = PBXBuildFile; fileRef = 5B51A098246C4E1F00BA526E /* AppDelegate.swift */; };
		5B51A09B246C4E1F00BA526E /* SceneDelegate.swift in Sources */ = {isa = PBXBuildFile; fileRef = 5B51A09A246C4E1F00BA526E /* SceneDelegate.swift */; };
		5B51A09D246C4E1F00BA526E /* ConnectionViewController.swift in Sources */ = {isa = PBXBuildFile; fileRef = 5B51A09C246C4E1F00BA526E /* ConnectionViewController.swift */; };
		5B51A09F246C4E1F00BA526E /* CalibrationViewController.swift in Sources */ = {isa = PBXBuildFile; fileRef = 5B51A09E246C4E1F00BA526E /* CalibrationViewController.swift */; };
		5B51A0A2246C4E1F00BA526E /* Main.storyboard in Resources */ = {isa = PBXBuildFile; fileRef = 5B51A0A0246C4E1F00BA526E /* Main.storyboard */; };
		5B51A0A4246C4E2000BA526E /* Assets.xcassets in Resources */ = {isa = PBXBuildFile; fileRef = 5B51A0A3246C4E2000BA526E /* Assets.xcassets */; };
		5B51A0A7246C4E2000BA526E /* LaunchScreen.storyboard in Resources */ = {isa = PBXBuildFile; fileRef = 5B51A0A5246C4E2000BA526E /* LaunchScreen.storyboard */; };
		5BDCAB27246C910800B54580 /* InfoTableViewCell.swift in Sources */ = {isa = PBXBuildFile; fileRef = 5BDCAB26246C910800B54580 /* InfoTableViewCell.swift */; };
		5BDCAB29246C951C00B54580 /* ESenseManager.swift in Sources */ = {isa = PBXBuildFile; fileRef = 5BDCAB28246C951C00B54580 /* ESenseManager.swift */; };
		5BDCAB2B246C973D00B54580 /* esensemanager.old in Sources */ = {isa = PBXBuildFile; fileRef = 5BDCAB2A246C973D00B54580 /* esensemanager.old */; };
		CE225E1EE16D61EFABEEF509 /* Pods_mciot_app.framework in Frameworks */ = {isa = PBXBuildFile; fileRef = 10FB25E0237FCCAE0CFDF922 /* Pods_mciot_app.framework */; };
/* End PBXBuildFile section */

/* Begin PBXFileReference section */
		10FB25E0237FCCAE0CFDF922 /* Pods_mciot_app.framework */ = {isa = PBXFileReference; explicitFileType = wrapper.framework; includeInIndex = 0; path = Pods_mciot_app.framework; sourceTree = BUILT_PRODUCTS_DIR; };
		358D2DCF9C8BAF29DF6FC075 /* Pods-mciot_app.release.xcconfig */ = {isa = PBXFileReference; includeInIndex = 1; lastKnownFileType = text.xcconfig; name = "Pods-mciot_app.release.xcconfig"; path = "Target Support Files/Pods-mciot_app/Pods-mciot_app.release.xcconfig"; sourceTree = "<group>"; };
		5B51A095246C4E1F00BA526E /* Keep Your Head Straight.app */ = {isa = PBXFileReference; explicitFileType = wrapper.application; includeInIndex = 0; path = "Keep Your Head Straight.app"; sourceTree = BUILT_PRODUCTS_DIR; };
		5B51A098246C4E1F00BA526E /* AppDelegate.swift */ = {isa = PBXFileReference; lastKnownFileType = sourcecode.swift; path = AppDelegate.swift; sourceTree = "<group>"; };
		5B51A09A246C4E1F00BA526E /* SceneDelegate.swift */ = {isa = PBXFileReference; lastKnownFileType = sourcecode.swift; path = SceneDelegate.swift; sourceTree = "<group>"; };
		5B51A09C246C4E1F00BA526E /* ConnectionViewController.swift */ = {isa = PBXFileReference; lastKnownFileType = sourcecode.swift; path = ConnectionViewController.swift; sourceTree = "<group>"; };
		5B51A09E246C4E1F00BA526E /* CalibrationViewController.swift */ = {isa = PBXFileReference; lastKnownFileType = sourcecode.swift; path = CalibrationViewController.swift; sourceTree = "<group>"; };
		5B51A0A1246C4E1F00BA526E /* Base */ = {isa = PBXFileReference; lastKnownFileType = file.storyboard; name = Base; path = Base.lproj/Main.storyboard; sourceTree = "<group>"; };
		5B51A0A3246C4E2000BA526E /* Assets.xcassets */ = {isa = PBXFileReference; lastKnownFileType = folder.assetcatalog; path = Assets.xcassets; sourceTree = "<group>"; };
		5B51A0A6246C4E2000BA526E /* Base */ = {isa = PBXFileReference; lastKnownFileType = file.storyboard; name = Base; path = Base.lproj/LaunchScreen.storyboard; sourceTree = "<group>"; };
		5B51A0A8246C4E2000BA526E /* Info.plist */ = {isa = PBXFileReference; lastKnownFileType = text.plist.xml; path = Info.plist; sourceTree = "<group>"; };
		5BDCAB26246C910800B54580 /* InfoTableViewCell.swift */ = {isa = PBXFileReference; lastKnownFileType = sourcecode.swift; path = InfoTableViewCell.swift; sourceTree = "<group>"; };
		5BDCAB28246C951C00B54580 /* ESenseManager.swift */ = {isa = PBXFileReference; lastKnownFileType = sourcecode.swift; path = ESenseManager.swift; sourceTree = "<group>"; };
		5BDCAB2A246C973D00B54580 /* esensemanager.old */ = {isa = PBXFileReference; lastKnownFileType = text; path = esensemanager.old; sourceTree = "<group>"; };
		D4B0ED60CA4508FD66628D4E /* Pods-mciot_app.debug.xcconfig */ = {isa = PBXFileReference; includeInIndex = 1; lastKnownFileType = text.xcconfig; name = "Pods-mciot_app.debug.xcconfig"; path = "Target Support Files/Pods-mciot_app/Pods-mciot_app.debug.xcconfig"; sourceTree = "<group>"; };
/* End PBXFileReference section */

/* Begin PBXFrameworksBuildPhase section */
		5B51A092246C4E1F00BA526E /* Frameworks */ = {
			isa = PBXFrameworksBuildPhase;
			buildActionMask = 2147483647;
			files = (
				CE225E1EE16D61EFABEEF509 /* Pods_mciot_app.framework in Frameworks */,
			);
			runOnlyForDeploymentPostprocessing = 0;
		};
/* End PBXFrameworksBuildPhase section */

/* Begin PBXGroup section */
		32852A81B5FD5BAD678853AB /* Pods */ = {
			isa = PBXGroup;
			children = (
				D4B0ED60CA4508FD66628D4E /* Pods-mciot_app.debug.xcconfig */,
				358D2DCF9C8BAF29DF6FC075 /* Pods-mciot_app.release.xcconfig */,
			);
			name = Pods;
			path = Pods;
			sourceTree = "<group>";
		};
		5B51A08C246C4E1F00BA526E = {
			isa = PBXGroup;
			children = (
				5B51A097246C4E1F00BA526E /* mciot_app */,
				5B51A096246C4E1F00BA526E /* Products */,
				32852A81B5FD5BAD678853AB /* Pods */,
				852F48DCD678122E8AC77A97 /* Frameworks */,
			);
			sourceTree = "<group>";
		};
		5B51A096246C4E1F00BA526E /* Products */ = {
			isa = PBXGroup;
			children = (
				5B51A095246C4E1F00BA526E /* Keep Your Head Straight.app */,
			);
			name = Products;
			sourceTree = "<group>";
		};
		5B51A097246C4E1F00BA526E /* mciot_app */ = {
			isa = PBXGroup;
			children = (
				5B51A0AE246C565E00BA526E /* ViewControllers */,
				5B51A098246C4E1F00BA526E /* AppDelegate.swift */,
				5B51A09A246C4E1F00BA526E /* SceneDelegate.swift */,
				5B51A0A0246C4E1F00BA526E /* Main.storyboard */,
				5B51A0A3246C4E2000BA526E /* Assets.xcassets */,
				5B51A0A5246C4E2000BA526E /* LaunchScreen.storyboard */,
				5B51A0A8246C4E2000BA526E /* Info.plist */,
				5BDCAB26246C910800B54580 /* InfoTableViewCell.swift */,
				5BDCAB28246C951C00B54580 /* ESenseManager.swift */,
			);
			path = mciot_app;
			sourceTree = "<group>";
		};
		5B51A0AE246C565E00BA526E /* ViewControllers */ = {
			isa = PBXGroup;
			children = (
				5B51A09C246C4E1F00BA526E /* ConnectionViewController.swift */,
				5B51A09E246C4E1F00BA526E /* CalibrationViewController.swift */,
				5BDCAB2A246C973D00B54580 /* esensemanager.old */,
			);
			path = ViewControllers;
			sourceTree = "<group>";
		};
		852F48DCD678122E8AC77A97 /* Frameworks */ = {
			isa = PBXGroup;
			children = (
				10FB25E0237FCCAE0CFDF922 /* Pods_mciot_app.framework */,
			);
			name = Frameworks;
			sourceTree = "<group>";
		};
/* End PBXGroup section */

/* Begin PBXNativeTarget section */
		5B51A094246C4E1F00BA526E /* mciot_app */ = {
			isa = PBXNativeTarget;
			buildConfigurationList = 5B51A0AB246C4E2000BA526E /* Build configuration list for PBXNativeTarget "mciot_app" */;
			buildPhases = (
				116CCF166D00E1098E380D48 /* [CP] Check Pods Manifest.lock */,
				5B51A091246C4E1F00BA526E /* Sources */,
				5B51A092246C4E1F00BA526E /* Frameworks */,
				5B51A093246C4E1F00BA526E /* Resources */,
				EFF642761D7B3B986A30DBDA /* [CP] Embed Pods Frameworks */,
			);
			buildRules = (
			);
			dependencies = (
			);
			name = mciot_app;
			productName = mciot_app;
			productReference = 5B51A095246C4E1F00BA526E /* Keep Your Head Straight.app */;
			productType = "com.apple.product-type.application";
		};
/* End PBXNativeTarget section */

/* Begin PBXProject section */
		5B51A08D246C4E1F00BA526E /* Project object */ = {
			isa = PBXProject;
			attributes = {
				LastSwiftUpdateCheck = 1130;
				LastUpgradeCheck = 1130;
				ORGANIZATIONNAME = 471;
				TargetAttributes = {
					5B51A094246C4E1F00BA526E = {
						CreatedOnToolsVersion = 11.3.1;
					};
				};
			};
			buildConfigurationList = 5B51A090246C4E1F00BA526E /* Build configuration list for PBXProject "mciot_app" */;
			compatibilityVersion = "Xcode 9.3";
			developmentRegion = en;
			hasScannedForEncodings = 0;
			knownRegions = (
				en,
				Base,
			);
			mainGroup = 5B51A08C246C4E1F00BA526E;
			productRefGroup = 5B51A096246C4E1F00BA526E /* Products */;
			projectDirPath = "";
			projectRoot = "";
			targets = (
				5B51A094246C4E1F00BA526E /* mciot_app */,
			);
		};
/* End PBXProject section */

/* Begin PBXResourcesBuildPhase section */
		5B51A093246C4E1F00BA526E /* Resources */ = {
			isa = PBXResourcesBuildPhase;
			buildActionMask = 2147483647;
			files = (
				5B51A0A7246C4E2000BA526E /* LaunchScreen.storyboard in Resources */,
				5B51A0A4246C4E2000BA526E /* Assets.xcassets in Resources */,
				5B51A0A2246C4E1F00BA526E /* Main.storyboard in Resources */,
			);
			runOnlyForDeploymentPostprocessing = 0;
		};
/* End PBXResourcesBuildPhase section */

/* Begin PBXShellScriptBuildPhase section */
		116CCF166D00E1098E380D48 /* [CP] Check Pods Manifest.lock */ = {
			isa = PBXShellScriptBuildPhase;
			buildActionMask = 2147483647;
			files = (
			);
			inputFileListPaths = (
			);
			inputPaths = (
				"${PODS_PODFILE_DIR_PATH}/Podfile.lock",
				"${PODS_ROOT}/Manifest.lock",
			);
			name = "[CP] Check Pods Manifest.lock";
			outputFileListPaths = (
			);
			outputPaths = (
				"$(DERIVED_FILE_DIR)/Pods-mciot_app-checkManifestLockResult.txt",
			);
			runOnlyForDeploymentPostprocessing = 0;
			shellPath = /bin/sh;
			shellScript = "diff \"${PODS_PODFILE_DIR_PATH}/Podfile.lock\" \"${PODS_ROOT}/Manifest.lock\" > /dev/null\nif [ $? != 0 ] ; then\n    # print error to STDERR\n    echo \"error: The sandbox is not in sync with the Podfile.lock. Run 'pod install' or update your CocoaPods installation.\" >&2\n    exit 1\nfi\n# This output is used by Xcode 'outputs' to avoid re-running this script phase.\necho \"SUCCESS\" > \"${SCRIPT_OUTPUT_FILE_0}\"\n";
			showEnvVarsInLog = 0;
		};
		EFF642761D7B3B986A30DBDA /* [CP] Embed Pods Frameworks */ = {
			isa = PBXShellScriptBuildPhase;
			buildActionMask = 2147483647;
			files = (
			);
			inputFileListPaths = (
				"${PODS_ROOT}/Target Support Files/Pods-mciot_app/Pods-mciot_app-frameworks-${CONFIGURATION}-input-files.xcfilelist",
			);
			name = "[CP] Embed Pods Frameworks";
			outputFileListPaths = (
				"${PODS_ROOT}/Target Support Files/Pods-mciot_app/Pods-mciot_app-frameworks-${CONFIGURATION}-output-files.xcfilelist",
			);
			runOnlyForDeploymentPostprocessing = 0;
			shellPath = /bin/sh;
			shellScript = "\"${PODS_ROOT}/Target Support Files/Pods-mciot_app/Pods-mciot_app-frameworks.sh\"\n";
			showEnvVarsInLog = 0;
		};
/* End PBXShellScriptBuildPhase section */

/* Begin PBXSourcesBuildPhase section */
		5B51A091246C4E1F00BA526E /* Sources */ = {
			isa = PBXSourcesBuildPhase;
			buildActionMask = 2147483647;
			files = (
				5B51A09F246C4E1F00BA526E /* CalibrationViewController.swift in Sources */,
				5BDCAB29246C951C00B54580 /* ESenseManager.swift in Sources */,
				5B51A09D246C4E1F00BA526E /* ConnectionViewController.swift in Sources */,
				5BDCAB27246C910800B54580 /* InfoTableViewCell.swift in Sources */,
				5BDCAB2B246C973D00B54580 /* esensemanager.old in Sources */,
				5B51A099246C4E1F00BA526E /* AppDelegate.swift in Sources */,
				5B51A09B246C4E1F00BA526E /* SceneDelegate.swift in Sources */,
			);
			runOnlyForDeploymentPostprocessing = 0;
		};
/* End PBXSourcesBuildPhase section */

/* Begin PBXVariantGroup section */
		5B51A0A0246C4E1F00BA526E /* Main.storyboard */ = {
			isa = PBXVariantGroup;
			children = (
				5B51A0A1246C4E1F00BA526E /* Base */,
			);
			name = Main.storyboard;
			sourceTree = "<group>";
		};
		5B51A0A5246C4E2000BA526E /* LaunchScreen.storyboard */ = {
			isa = PBXVariantGroup;
			children = (
				5B51A0A6246C4E2000BA526E /* Base */,
			);
			name = LaunchScreen.storyboard;
			sourceTree = "<group>";
		};
/* End PBXVariantGroup section */

/* Begin XCBuildConfiguration section */
		5B51A0A9246C4E2000BA526E /* Debug */ = {
			isa = XCBuildConfiguration;
			buildSettings = {
				ALWAYS_SEARCH_USER_PATHS = NO;
				CLANG_ANALYZER_NONNULL = YES;
				CLANG_ANALYZER_NUMBER_OBJECT_CONVERSION = YES_AGGRESSIVE;
				CLANG_CXX_LANGUAGE_STANDARD = "gnu++14";
				CLANG_CXX_LIBRARY = "libc++";
				CLANG_ENABLE_MODULES = YES;
				CLANG_ENABLE_OBJC_ARC = YES;
				CLANG_ENABLE_OBJC_WEAK = YES;
				CLANG_WARN_BLOCK_CAPTURE_AUTORELEASING = YES;
				CLANG_WARN_BOOL_CONVERSION = YES;
				CLANG_WARN_COMMA = YES;
				CLANG_WARN_CONSTANT_CONVERSION = YES;
				CLANG_WARN_DEPRECATED_OBJC_IMPLEMENTATIONS = YES;
				CLANG_WARN_DIRECT_OBJC_ISA_USAGE = YES_ERROR;
				CLANG_WARN_DOCUMENTATION_COMMENTS = YES;
				CLANG_WARN_EMPTY_BODY = YES;
				CLANG_WARN_ENUM_CONVERSION = YES;
				CLANG_WARN_INFINITE_RECURSION = YES;
				CLANG_WARN_INT_CONVERSION = YES;
				CLANG_WARN_NON_LITERAL_NULL_CONVERSION = YES;
				CLANG_WARN_OBJC_IMPLICIT_RETAIN_SELF = YES;
				CLANG_WARN_OBJC_LITERAL_CONVERSION = YES;
				CLANG_WARN_OBJC_ROOT_CLASS = YES_ERROR;
				CLANG_WARN_RANGE_LOOP_ANALYSIS = YES;
				CLANG_WARN_STRICT_PROTOTYPES = YES;
				CLANG_WARN_SUSPICIOUS_MOVE = YES;
				CLANG_WARN_UNGUARDED_AVAILABILITY = YES_AGGRESSIVE;
				CLANG_WARN_UNREACHABLE_CODE = YES;
				CLANG_WARN__DUPLICATE_METHOD_MATCH = YES;
				COPY_PHASE_STRIP = NO;
				DEBUG_INFORMATION_FORMAT = dwarf;
				ENABLE_STRICT_OBJC_MSGSEND = YES;
				ENABLE_TESTABILITY = YES;
				GCC_C_LANGUAGE_STANDARD = gnu11;
				GCC_DYNAMIC_NO_PIC = NO;
				GCC_NO_COMMON_BLOCKS = YES;
				GCC_OPTIMIZATION_LEVEL = 0;
				GCC_PREPROCESSOR_DEFINITIONS = (
					"DEBUG=1",
					"$(inherited)",
				);
				GCC_WARN_64_TO_32_BIT_CONVERSION = YES;
				GCC_WARN_ABOUT_RETURN_TYPE = YES_ERROR;
				GCC_WARN_UNDECLARED_SELECTOR = YES;
				GCC_WARN_UNINITIALIZED_AUTOS = YES_AGGRESSIVE;
				GCC_WARN_UNUSED_FUNCTION = YES;
				GCC_WARN_UNUSED_VARIABLE = YES;
				IPHONEOS_DEPLOYMENT_TARGET = 13.2;
				MTL_ENABLE_DEBUG_INFO = INCLUDE_SOURCE;
				MTL_FAST_MATH = YES;
				ONLY_ACTIVE_ARCH = YES;
				SDKROOT = iphoneos;
				SWIFT_ACTIVE_COMPILATION_CONDITIONS = DEBUG;
				SWIFT_OPTIMIZATION_LEVEL = "-Onone";
			};
			name = Debug;
		};
		5B51A0AA246C4E2000BA526E /* Release */ = {
			isa = XCBuildConfiguration;
			buildSettings = {
				ALWAYS_SEARCH_USER_PATHS = NO;
				CLANG_ANALYZER_NONNULL = YES;
				CLANG_ANALYZER_NUMBER_OBJECT_CONVERSION = YES_AGGRESSIVE;
				CLANG_CXX_LANGUAGE_STANDARD = "gnu++14";
				CLANG_CXX_LIBRARY = "libc++";
				CLANG_ENABLE_MODULES = YES;
				CLANG_ENABLE_OBJC_ARC = YES;
				CLANG_ENABLE_OBJC_WEAK = YES;
				CLANG_WARN_BLOCK_CAPTURE_AUTORELEASING = YES;
				CLANG_WARN_BOOL_CONVERSION = YES;
				CLANG_WARN_COMMA = YES;
				CLANG_WARN_CONSTANT_CONVERSION = YES;
				CLANG_WARN_DEPRECATED_OBJC_IMPLEMENTATIONS = YES;
				CLANG_WARN_DIRECT_OBJC_ISA_USAGE = YES_ERROR;
				CLANG_WARN_DOCUMENTATION_COMMENTS = YES;
				CLANG_WARN_EMPTY_BODY = YES;
				CLANG_WARN_ENUM_CONVERSION = YES;
				CLANG_WARN_INFINITE_RECURSION = YES;
				CLANG_WARN_INT_CONVERSION = YES;
				CLANG_WARN_NON_LITERAL_NULL_CONVERSION = YES;
				CLANG_WARN_OBJC_IMPLICIT_RETAIN_SELF = YES;
				CLANG_WARN_OBJC_LITERAL_CONVERSION = YES;
				CLANG_WARN_OBJC_ROOT_CLASS = YES_ERROR;
				CLANG_WARN_RANGE_LOOP_ANALYSIS = YES;
				CLANG_WARN_STRICT_PROTOTYPES = YES;
				CLANG_WARN_SUSPICIOUS_MOVE = YES;
				CLANG_WARN_UNGUARDED_AVAILABILITY = YES_AGGRESSIVE;
				CLANG_WARN_UNREACHABLE_CODE = YES;
				CLANG_WARN__DUPLICATE_METHOD_MATCH = YES;
				COPY_PHASE_STRIP = NO;
				DEBUG_INFORMATION_FORMAT = "dwarf-with-dsym";
				ENABLE_NS_ASSERTIONS = NO;
				ENABLE_STRICT_OBJC_MSGSEND = YES;
				GCC_C_LANGUAGE_STANDARD = gnu11;
				GCC_NO_COMMON_BLOCKS = YES;
				GCC_WARN_64_TO_32_BIT_CONVERSION = YES;
				GCC_WARN_ABOUT_RETURN_TYPE = YES_ERROR;
				GCC_WARN_UNDECLARED_SELECTOR = YES;
				GCC_WARN_UNINITIALIZED_AUTOS = YES_AGGRESSIVE;
				GCC_WARN_UNUSED_FUNCTION = YES;
				GCC_WARN_UNUSED_VARIABLE = YES;
				IPHONEOS_DEPLOYMENT_TARGET = 13.2;
				MTL_ENABLE_DEBUG_INFO = NO;
				MTL_FAST_MATH = YES;
				SDKROOT = iphoneos;
				SWIFT_COMPILATION_MODE = wholemodule;
				SWIFT_OPTIMIZATION_LEVEL = "-O";
				VALIDATE_PRODUCT = YES;
			};
			name = Release;
		};
		5B51A0AC246C4E2000BA526E /* Debug */ = {
			isa = XCBuildConfiguration;
			baseConfigurationReference = D4B0ED60CA4508FD66628D4E /* Pods-mciot_app.debug.xcconfig */;
			buildSettings = {
				ASSETCATALOG_COMPILER_APPICON_NAME = AppIcon;
				CODE_SIGN_STYLE = Automatic;
				DEVELOPMENT_TEAM = JPL2YMNNP3;
				INFOPLIST_FILE = mciot_app/Info.plist;
				LD_RUNPATH_SEARCH_PATHS = (
					"$(inherited)",
					"@executable_path/Frameworks",
				);
				PRODUCT_BUNDLE_IDENTIFIER = de.njoye.kyhs;
				PRODUCT_NAME = "Keep Your Head Straight";
				SWIFT_VERSION = 5.0;
				TARGETED_DEVICE_FAMILY = "1,2";
			};
			name = Debug;
		};
		5B51A0AD246C4E2000BA526E /* Release */ = {
			isa = XCBuildConfiguration;
			baseConfigurationReference = 358D2DCF9C8BAF29DF6FC075 /* Pods-mciot_app.release.xcconfig */;
			buildSettings = {
				ASSETCATALOG_COMPILER_APPICON_NAME = AppIcon;
				CODE_SIGN_STYLE = Automatic;
				DEVELOPMENT_TEAM = JPL2YMNNP3;
				INFOPLIST_FILE = mciot_app/Info.plist;
				LD_RUNPATH_SEARCH_PATHS = (
					"$(inherited)",
					"@executable_path/Frameworks",
				);
				PRODUCT_BUNDLE_IDENTIFIER = de.njoye.kyhs;
				PRODUCT_NAME = "Keep Your Head Straight";
				SWIFT_VERSION = 5.0;
				TARGETED_DEVICE_FAMILY = "1,2";
			};
			name = Release;
		};
/* End XCBuildConfiguration section */

/* Begin XCConfigurationList section */
		5B51A090246C4E1F00BA526E /* Build configuration list for PBXProject "mciot_app" */ = {
			isa = XCConfigurationList;
			buildConfigurations = (
				5B51A0A9246C4E2000BA526E /* Debug */,
				5B51A0AA246C4E2000BA526E /* Release */,
			);
			defaultConfigurationIsVisible = 0;
			defaultConfigurationName = Release;
		};
		5B51A0AB246C4E2000BA526E /* Build configuration list for PBXNativeTarget "mciot_app" */ = {
			isa = XCConfigurationList;
			buildConfigurations = (
				5B51A0AC246C4E2000BA526E /* Debug */,
				5B51A0AD246C4E2000BA526E /* Release */,
			);
			defaultConfigurationIsVisible = 0;
			defaultConfigurationName = Release;
		};
/* End XCConfigurationList section */
	};
	rootObject = 5B51A08D246C4E1F00BA526E /* Project object */;
}
